// !$*UTF8*$!
{
	archiveVersion = 1;
	classes = {
	};
	objectVersion = 50;
	objects = {

/* Begin PBXBuildFile section */
		CE17344F24914188005291E4 /* AppDelegate.swift in Sources */ = {isa = PBXBuildFile; fileRef = CE17344E24914188005291E4 /* AppDelegate.swift */; };
		CE17345124914188005291E4 /* SceneDelegate.swift in Sources */ = {isa = PBXBuildFile; fileRef = CE17345024914188005291E4 /* SceneDelegate.swift */; };
		CE17345424914188005291E4 /* journey.xcdatamodeld in Sources */ = {isa = PBXBuildFile; fileRef = CE17345224914188005291E4 /* journey.xcdatamodeld */; };
		CE17345624914188005291E4 /* ContentView.swift in Sources */ = {isa = PBXBuildFile; fileRef = CE17345524914188005291E4 /* ContentView.swift */; };
		CE1734582491418B005291E4 /* Assets.xcassets in Resources */ = {isa = PBXBuildFile; fileRef = CE1734572491418B005291E4 /* Assets.xcassets */; };
		CE17345B2491418B005291E4 /* Preview Assets.xcassets in Resources */ = {isa = PBXBuildFile; fileRef = CE17345A2491418B005291E4 /* Preview Assets.xcassets */; };
		CE17345E2491418B005291E4 /* LaunchScreen.storyboard in Resources */ = {isa = PBXBuildFile; fileRef = CE17345C2491418B005291E4 /* LaunchScreen.storyboard */; };
		CE1734692491418B005291E4 /* journeyTests.swift in Sources */ = {isa = PBXBuildFile; fileRef = CE1734682491418B005291E4 /* journeyTests.swift */; };
		CE1734742491418B005291E4 /* journeyUITests.swift in Sources */ = {isa = PBXBuildFile; fileRef = CE1734732491418B005291E4 /* journeyUITests.swift */; };
		CE17348224916B87005291E4 /* CurveGame.swift in Sources */ = {isa = PBXBuildFile; fileRef = CE17348124916B87005291E4 /* CurveGame.swift */; };
		CE17348424916BCC005291E4 /* StrategyRow.swift in Sources */ = {isa = PBXBuildFile; fileRef = CE17348324916BCC005291E4 /* StrategyRow.swift */; };
		CE17348624916D0D005291E4 /* PathogenDetailView.swift in Sources */ = {isa = PBXBuildFile; fileRef = CE17348524916D0D005291E4 /* PathogenDetailView.swift */; };
		CE17348824916D31005291E4 /* LocationDetailView.swift in Sources */ = {isa = PBXBuildFile; fileRef = CE17348724916D31005291E4 /* LocationDetailView.swift */; };
		CE17348A24916E18005291E4 /* StrategyDetail.swift in Sources */ = {isa = PBXBuildFile; fileRef = CE17348924916E18005291E4 /* StrategyDetail.swift */; };
		CE17348C24916E64005291E4 /* BarsView.swift in Sources */ = {isa = PBXBuildFile; fileRef = CE17348B24916E64005291E4 /* BarsView.swift */; };
		CE17348E24916EB2005291E4 /* Dashboard.swift in Sources */ = {isa = PBXBuildFile; fileRef = CE17348D24916EB2005291E4 /* Dashboard.swift */; };
		CE17349024916EEA005291E4 /* DateLine.swift in Sources */ = {isa = PBXBuildFile; fileRef = CE17348F24916EEA005291E4 /* DateLine.swift */; };
		CE17349224916F08005291E4 /* Definitions.swift in Sources */ = {isa = PBXBuildFile; fileRef = CE17349124916F08005291E4 /* Definitions.swift */; };
		CE17349424916F25005291E4 /* LegendView.swift in Sources */ = {isa = PBXBuildFile; fileRef = CE17349324916F25005291E4 /* LegendView.swift */; };
		CE17349624916F50005291E4 /* Plotter.swift in Sources */ = {isa = PBXBuildFile; fileRef = CE17349524916F50005291E4 /* Plotter.swift */; };
		CE17349824916F6C005291E4 /* Stepper.swift in Sources */ = {isa = PBXBuildFile; fileRef = CE17349724916F6C005291E4 /* Stepper.swift */; };
		CE17349B24916FB9005291E4 /* ImageView.swift in Sources */ = {isa = PBXBuildFile; fileRef = CE17349A24916FB9005291E4 /* ImageView.swift */; };
		CE17349D24916FE0005291E4 /* CircleImage.swift in Sources */ = {isa = PBXBuildFile; fileRef = CE17349C24916FE0005291E4 /* CircleImage.swift */; };
		CE17349F24916FF2005291E4 /* MapView.swift in Sources */ = {isa = PBXBuildFile; fileRef = CE17349E24916FF2005291E4 /* MapView.swift */; };
		CE1734A224917012005291E4 /* Data.swift in Sources */ = {isa = PBXBuildFile; fileRef = CE1734A124917012005291E4 /* Data.swift */; };
		CE1734A424917041005291E4 /* Strategy.swift in Sources */ = {isa = PBXBuildFile; fileRef = CE1734A324917041005291E4 /* Strategy.swift */; };
		CE1734A624917056005291E4 /* UserData.swift in Sources */ = {isa = PBXBuildFile; fileRef = CE1734A524917056005291E4 /* UserData.swift */; };
		CE1734AA249179A7005291E4 /* Country.swift in Sources */ = {isa = PBXBuildFile; fileRef = CE1734A9249179A7005291E4 /* Country.swift */; };
		CE1734C924917F96005291E4 /* WelcomeView.swift in Sources */ = {isa = PBXBuildFile; fileRef = CE1734C824917F96005291E4 /* WelcomeView.swift */; };
		CE37115524918A3A0077F70F /* Pathogen.swift in Sources */ = {isa = PBXBuildFile; fileRef = CE37115424918A3A0077F70F /* Pathogen.swift */; };
		CE37116E249198F50077F70F /* Info.png in Resources */ = {isa = PBXBuildFile; fileRef = CE37115F249198F50077F70F /* Info.png */; };
		CE37116F249198F50077F70F /* ebola.jpg in Resources */ = {isa = PBXBuildFile; fileRef = CE371161249198F50077F70F /* ebola.jpg */; };
		CE371170249198F50077F70F /* corona.jpg in Resources */ = {isa = PBXBuildFile; fileRef = CE371162249198F50077F70F /* corona.jpg */; };
		CE371171249198F50077F70F /* flu.jpg in Resources */ = {isa = PBXBuildFile; fileRef = CE371163249198F50077F70F /* flu.jpg */; };
		CE371172249198F50077F70F /* dna3.jpg in Resources */ = {isa = PBXBuildFile; fileRef = CE371164249198F50077F70F /* dna3.jpg */; };
		CE371173249198F50077F70F /* dna2.jpg in Resources */ = {isa = PBXBuildFile; fileRef = CE371165249198F50077F70F /* dna2.jpg */; };
		CE371174249198F50077F70F /* dna0.jpg in Resources */ = {isa = PBXBuildFile; fileRef = CE371166249198F50077F70F /* dna0.jpg */; };
		CE371175249198F50077F70F /* dna1.jpg in Resources */ = {isa = PBXBuildFile; fileRef = CE371167249198F50077F70F /* dna1.jpg */; };
		CE371176249198F50077F70F /* countryData.json in Resources */ = {isa = PBXBuildFile; fileRef = CE371168249198F50077F70F /* countryData.json */; };
		CE371177249198F50077F70F /* strategyData.json in Resources */ = {isa = PBXBuildFile; fileRef = CE371169249198F50077F70F /* strategyData.json */; };
		CE371178249198F50077F70F /* holland.jpg in Resources */ = {isa = PBXBuildFile; fileRef = CE37116B249198F50077F70F /* holland.jpg */; };
		CE371179249198F50077F70F /* usa.jpg in Resources */ = {isa = PBXBuildFile; fileRef = CE37116C249198F50077F70F /* usa.jpg */; };
		CE37117A249198F50077F70F /* sweden.jpg in Resources */ = {isa = PBXBuildFile; fileRef = CE37116D249198F50077F70F /* sweden.jpg */; };
		CE37117C2491996A0077F70F /* pathogenData.json in Resources */ = {isa = PBXBuildFile; fileRef = CE37117B2491996A0077F70F /* pathogenData.json */; };
/* End PBXBuildFile section */

/* Begin PBXContainerItemProxy section */
		CE1734652491418B005291E4 /* PBXContainerItemProxy */ = {
			isa = PBXContainerItemProxy;
			containerPortal = CE17344324914188005291E4 /* Project object */;
			proxyType = 1;
			remoteGlobalIDString = CE17344A24914188005291E4;
			remoteInfo = journey;
		};
		CE1734702491418B005291E4 /* PBXContainerItemProxy */ = {
			isa = PBXContainerItemProxy;
			containerPortal = CE17344324914188005291E4 /* Project object */;
			proxyType = 1;
			remoteGlobalIDString = CE17344A24914188005291E4;
			remoteInfo = journey;
		};
/* End PBXContainerItemProxy section */

/* Begin PBXFileReference section */
		CE17344B24914188005291E4 /* journey.app */ = {isa = PBXFileReference; explicitFileType = wrapper.application; includeInIndex = 0; path = journey.app; sourceTree = BUILT_PRODUCTS_DIR; };
		CE17344E24914188005291E4 /* AppDelegate.swift */ = {isa = PBXFileReference; lastKnownFileType = sourcecode.swift; path = AppDelegate.swift; sourceTree = "<group>"; };
		CE17345024914188005291E4 /* SceneDelegate.swift */ = {isa = PBXFileReference; lastKnownFileType = sourcecode.swift; path = SceneDelegate.swift; sourceTree = "<group>"; };
		CE17345324914188005291E4 /* journey.xcdatamodel */ = {isa = PBXFileReference; lastKnownFileType = wrapper.xcdatamodel; path = journey.xcdatamodel; sourceTree = "<group>"; };
		CE17345524914188005291E4 /* ContentView.swift */ = {isa = PBXFileReference; lastKnownFileType = sourcecode.swift; path = ContentView.swift; sourceTree = "<group>"; };
		CE1734572491418B005291E4 /* Assets.xcassets */ = {isa = PBXFileReference; lastKnownFileType = folder.assetcatalog; path = Assets.xcassets; sourceTree = "<group>"; };
		CE17345A2491418B005291E4 /* Preview Assets.xcassets */ = {isa = PBXFileReference; lastKnownFileType = folder.assetcatalog; path = "Preview Assets.xcassets"; sourceTree = "<group>"; };
		CE17345D2491418B005291E4 /* Base */ = {isa = PBXFileReference; lastKnownFileType = file.storyboard; name = Base; path = Base.lproj/LaunchScreen.storyboard; sourceTree = "<group>"; };
		CE17345F2491418B005291E4 /* Info.plist */ = {isa = PBXFileReference; lastKnownFileType = text.plist.xml; path = Info.plist; sourceTree = "<group>"; };
		CE1734642491418B005291E4 /* journeyTests.xctest */ = {isa = PBXFileReference; explicitFileType = wrapper.cfbundle; includeInIndex = 0; path = journeyTests.xctest; sourceTree = BUILT_PRODUCTS_DIR; };
		CE1734682491418B005291E4 /* journeyTests.swift */ = {isa = PBXFileReference; lastKnownFileType = sourcecode.swift; path = journeyTests.swift; sourceTree = "<group>"; };
		CE17346A2491418B005291E4 /* Info.plist */ = {isa = PBXFileReference; lastKnownFileType = text.plist.xml; path = Info.plist; sourceTree = "<group>"; };
		CE17346F2491418B005291E4 /* journeyUITests.xctest */ = {isa = PBXFileReference; explicitFileType = wrapper.cfbundle; includeInIndex = 0; path = journeyUITests.xctest; sourceTree = BUILT_PRODUCTS_DIR; };
		CE1734732491418B005291E4 /* journeyUITests.swift */ = {isa = PBXFileReference; lastKnownFileType = sourcecode.swift; path = journeyUITests.swift; sourceTree = "<group>"; };
		CE1734752491418B005291E4 /* Info.plist */ = {isa = PBXFileReference; lastKnownFileType = text.plist.xml; path = Info.plist; sourceTree = "<group>"; };
		CE17348124916B87005291E4 /* CurveGame.swift */ = {isa = PBXFileReference; lastKnownFileType = sourcecode.swift; path = CurveGame.swift; sourceTree = "<group>"; };
		CE17348324916BCC005291E4 /* StrategyRow.swift */ = {isa = PBXFileReference; lastKnownFileType = sourcecode.swift; path = StrategyRow.swift; sourceTree = "<group>"; };
		CE17348524916D0D005291E4 /* PathogenDetailView.swift */ = {isa = PBXFileReference; lastKnownFileType = sourcecode.swift; path = PathogenDetailView.swift; sourceTree = "<group>"; };
		CE17348724916D31005291E4 /* LocationDetailView.swift */ = {isa = PBXFileReference; lastKnownFileType = sourcecode.swift; path = LocationDetailView.swift; sourceTree = "<group>"; };
		CE17348924916E18005291E4 /* StrategyDetail.swift */ = {isa = PBXFileReference; lastKnownFileType = sourcecode.swift; path = StrategyDetail.swift; sourceTree = "<group>"; };
		CE17348B24916E64005291E4 /* BarsView.swift */ = {isa = PBXFileReference; lastKnownFileType = sourcecode.swift; path = BarsView.swift; sourceTree = "<group>"; };
		CE17348D24916EB2005291E4 /* Dashboard.swift */ = {isa = PBXFileReference; lastKnownFileType = sourcecode.swift; path = Dashboard.swift; sourceTree = "<group>"; };
		CE17348F24916EEA005291E4 /* DateLine.swift */ = {isa = PBXFileReference; lastKnownFileType = sourcecode.swift; path = DateLine.swift; sourceTree = "<group>"; };
		CE17349124916F08005291E4 /* Definitions.swift */ = {isa = PBXFileReference; lastKnownFileType = sourcecode.swift; path = Definitions.swift; sourceTree = "<group>"; };
		CE17349324916F25005291E4 /* LegendView.swift */ = {isa = PBXFileReference; lastKnownFileType = sourcecode.swift; path = LegendView.swift; sourceTree = "<group>"; };
		CE17349524916F50005291E4 /* Plotter.swift */ = {isa = PBXFileReference; lastKnownFileType = sourcecode.swift; path = Plotter.swift; sourceTree = "<group>"; };
		CE17349724916F6C005291E4 /* Stepper.swift */ = {isa = PBXFileReference; lastKnownFileType = sourcecode.swift; path = Stepper.swift; sourceTree = "<group>"; };
		CE17349A24916FB9005291E4 /* ImageView.swift */ = {isa = PBXFileReference; lastKnownFileType = sourcecode.swift; path = ImageView.swift; sourceTree = "<group>"; };
		CE17349C24916FE0005291E4 /* CircleImage.swift */ = {isa = PBXFileReference; lastKnownFileType = sourcecode.swift; path = CircleImage.swift; sourceTree = "<group>"; };
		CE17349E24916FF2005291E4 /* MapView.swift */ = {isa = PBXFileReference; lastKnownFileType = sourcecode.swift; path = MapView.swift; sourceTree = "<group>"; };
		CE1734A124917012005291E4 /* Data.swift */ = {isa = PBXFileReference; lastKnownFileType = sourcecode.swift; path = Data.swift; sourceTree = "<group>"; };
		CE1734A324917041005291E4 /* Strategy.swift */ = {isa = PBXFileReference; lastKnownFileType = sourcecode.swift; path = Strategy.swift; sourceTree = "<group>"; };
		CE1734A524917056005291E4 /* UserData.swift */ = {isa = PBXFileReference; lastKnownFileType = sourcecode.swift; path = UserData.swift; sourceTree = "<group>"; };
		CE1734A9249179A7005291E4 /* Country.swift */ = {isa = PBXFileReference; lastKnownFileType = sourcecode.swift; path = Country.swift; sourceTree = "<group>"; };
		CE1734C824917F96005291E4 /* WelcomeView.swift */ = {isa = PBXFileReference; lastKnownFileType = sourcecode.swift; path = WelcomeView.swift; sourceTree = "<group>"; };
		CE37115424918A3A0077F70F /* Pathogen.swift */ = {isa = PBXFileReference; lastKnownFileType = sourcecode.swift; path = Pathogen.swift; sourceTree = "<group>"; };
		CE37115F249198F50077F70F /* Info.png */ = {isa = PBXFileReference; lastKnownFileType = image.png; path = Info.png; sourceTree = "<group>"; };
		CE371161249198F50077F70F /* ebola.jpg */ = {isa = PBXFileReference; lastKnownFileType = image.jpeg; path = ebola.jpg; sourceTree = "<group>"; };
		CE371162249198F50077F70F /* corona.jpg */ = {isa = PBXFileReference; lastKnownFileType = image.jpeg; path = corona.jpg; sourceTree = "<group>"; };
		CE371163249198F50077F70F /* flu.jpg */ = {isa = PBXFileReference; lastKnownFileType = image.jpeg; path = flu.jpg; sourceTree = "<group>"; };
		CE371164249198F50077F70F /* dna3.jpg */ = {isa = PBXFileReference; lastKnownFileType = image.jpeg; path = dna3.jpg; sourceTree = "<group>"; };
		CE371165249198F50077F70F /* dna2.jpg */ = {isa = PBXFileReference; lastKnownFileType = image.jpeg; path = dna2.jpg; sourceTree = "<group>"; };
		CE371166249198F50077F70F /* dna0.jpg */ = {isa = PBXFileReference; lastKnownFileType = image.jpeg; path = dna0.jpg; sourceTree = "<group>"; };
		CE371167249198F50077F70F /* dna1.jpg */ = {isa = PBXFileReference; lastKnownFileType = image.jpeg; path = dna1.jpg; sourceTree = "<group>"; };
		CE371168249198F50077F70F /* countryData.json */ = {isa = PBXFileReference; fileEncoding = 4; lastKnownFileType = text.json; path = countryData.json; sourceTree = "<group>"; };
		CE371169249198F50077F70F /* strategyData.json */ = {isa = PBXFileReference; fileEncoding = 4; lastKnownFileType = text.json; path = strategyData.json; sourceTree = "<group>"; };
		CE37116B249198F50077F70F /* holland.jpg */ = {isa = PBXFileReference; lastKnownFileType = image.jpeg; path = holland.jpg; sourceTree = "<group>"; };
		CE37116C249198F50077F70F /* usa.jpg */ = {isa = PBXFileReference; lastKnownFileType = image.jpeg; path = usa.jpg; sourceTree = "<group>"; };
		CE37116D249198F50077F70F /* sweden.jpg */ = {isa = PBXFileReference; lastKnownFileType = image.jpeg; path = sweden.jpg; sourceTree = "<group>"; };
		CE37117B2491996A0077F70F /* pathogenData.json */ = {isa = PBXFileReference; fileEncoding = 4; lastKnownFileType = text.json; path = pathogenData.json; sourceTree = "<group>"; };
/* End PBXFileReference section */

/* Begin PBXFrameworksBuildPhase section */
		CE17344824914188005291E4 /* Frameworks */ = {
			isa = PBXFrameworksBuildPhase;
			buildActionMask = 2147483647;
			files = (
			);
			runOnlyForDeploymentPostprocessing = 0;
		};
		CE1734612491418B005291E4 /* Frameworks */ = {
			isa = PBXFrameworksBuildPhase;
			buildActionMask = 2147483647;
			files = (
			);
			runOnlyForDeploymentPostprocessing = 0;
		};
		CE17346C2491418B005291E4 /* Frameworks */ = {
			isa = PBXFrameworksBuildPhase;
			buildActionMask = 2147483647;
			files = (
			);
			runOnlyForDeploymentPostprocessing = 0;
		};
/* End PBXFrameworksBuildPhase section */

/* Begin PBXGroup section */
		CE17344224914188005291E4 = {
			isa = PBXGroup;
			children = (
				CE17344D24914188005291E4 /* journey */,
				CE1734672491418B005291E4 /* journeyTests */,
				CE1734722491418B005291E4 /* journeyUITests */,
				CE17344C24914188005291E4 /* Products */,
			);
			sourceTree = "<group>";
		};
		CE17344C24914188005291E4 /* Products */ = {
			isa = PBXGroup;
			children = (
				CE17344B24914188005291E4 /* journey.app */,
				CE1734642491418B005291E4 /* journeyTests.xctest */,
				CE17346F2491418B005291E4 /* journeyUITests.xctest */,
			);
			name = Products;
			sourceTree = "<group>";
		};
		CE17344D24914188005291E4 /* journey */ = {
			isa = PBXGroup;
			children = (
				CE17344E24914188005291E4 /* AppDelegate.swift */,
				CE17345024914188005291E4 /* SceneDelegate.swift */,
				CE1734A024917004005291E4 /* Models */,
				CE17345524914188005291E4 /* ContentView.swift */,
				CE1734C824917F96005291E4 /* WelcomeView.swift */,
				CE17348524916D0D005291E4 /* PathogenDetailView.swift */,
				CE17348724916D31005291E4 /* LocationDetailView.swift */,
				CE17348124916B87005291E4 /* CurveGame.swift */,
				CE17348324916BCC005291E4 /* StrategyRow.swift */,
				CE17348924916E18005291E4 /* StrategyDetail.swift */,
				CE17348B24916E64005291E4 /* BarsView.swift */,
				CE17348D24916EB2005291E4 /* Dashboard.swift */,
				CE17348F24916EEA005291E4 /* DateLine.swift */,
				CE17349124916F08005291E4 /* Definitions.swift */,
				CE17349324916F25005291E4 /* LegendView.swift */,
				CE17349524916F50005291E4 /* Plotter.swift */,
				CE17349724916F6C005291E4 /* Stepper.swift */,
				CE37115E249198F50077F70F /* Resources */,
				CE17349924916FA3005291E4 /* Supporting Views */,
				CE1734572491418B005291E4 /* Assets.xcassets */,
				CE17345C2491418B005291E4 /* LaunchScreen.storyboard */,
				CE17345F2491418B005291E4 /* Info.plist */,
				CE17345224914188005291E4 /* journey.xcdatamodeld */,
				CE1734592491418B005291E4 /* Preview Content */,
			);
			path = journey;
			sourceTree = "<group>";
		};
		CE1734592491418B005291E4 /* Preview Content */ = {
			isa = PBXGroup;
			children = (
				CE17345A2491418B005291E4 /* Preview Assets.xcassets */,
			);
			path = "Preview Content";
			sourceTree = "<group>";
		};
		CE1734672491418B005291E4 /* journeyTests */ = {
			isa = PBXGroup;
			children = (
				CE1734682491418B005291E4 /* journeyTests.swift */,
				CE17346A2491418B005291E4 /* Info.plist */,
			);
			path = journeyTests;
			sourceTree = "<group>";
		};
		CE1734722491418B005291E4 /* journeyUITests */ = {
			isa = PBXGroup;
			children = (
				CE1734732491418B005291E4 /* journeyUITests.swift */,
				CE1734752491418B005291E4 /* Info.plist */,
			);
			path = journeyUITests;
			sourceTree = "<group>";
		};
		CE17349924916FA3005291E4 /* Supporting Views */ = {
			isa = PBXGroup;
			children = (
				CE17349A24916FB9005291E4 /* ImageView.swift */,
				CE17349C24916FE0005291E4 /* CircleImage.swift */,
				CE17349E24916FF2005291E4 /* MapView.swift */,
			);
			path = "Supporting Views";
			sourceTree = "<group>";
		};
		CE1734A024917004005291E4 /* Models */ = {
			isa = PBXGroup;
			children = (
				CE1734A124917012005291E4 /* Data.swift */,
				CE37115424918A3A0077F70F /* Pathogen.swift */,
				CE1734A324917041005291E4 /* Strategy.swift */,
				CE1734A9249179A7005291E4 /* Country.swift */,
				CE1734A524917056005291E4 /* UserData.swift */,
			);
			path = Models;
			sourceTree = "<group>";
		};
		CE37115E249198F50077F70F /* Resources */ = {
			isa = PBXGroup;
			children = (
				CE37115F249198F50077F70F /* Info.png */,
				CE371160249198F50077F70F /* PathogenImages */,
				CE371164249198F50077F70F /* dna3.jpg */,
				CE371165249198F50077F70F /* dna2.jpg */,
				CE371166249198F50077F70F /* dna0.jpg */,
				CE371167249198F50077F70F /* dna1.jpg */,
				CE37117B2491996A0077F70F /* pathogenData.json */,
				CE371168249198F50077F70F /* countryData.json */,
				CE371169249198F50077F70F /* strategyData.json */,
				CE37116A249198F50077F70F /* CountryImages */,
			);
			path = Resources;
			sourceTree = "<group>";
		};
		CE371160249198F50077F70F /* PathogenImages */ = {
			isa = PBXGroup;
			children = (
				CE371161249198F50077F70F /* ebola.jpg */,
				CE371162249198F50077F70F /* corona.jpg */,
				CE371163249198F50077F70F /* flu.jpg */,
			);
			path = PathogenImages;
			sourceTree = "<group>";
		};
		CE37116A249198F50077F70F /* CountryImages */ = {
			isa = PBXGroup;
			children = (
				CE37116B249198F50077F70F /* holland.jpg */,
				CE37116C249198F50077F70F /* usa.jpg */,
				CE37116D249198F50077F70F /* sweden.jpg */,
			);
			path = CountryImages;
			sourceTree = "<group>";
		};
/* End PBXGroup section */

/* Begin PBXNativeTarget section */
		CE17344A24914188005291E4 /* journey */ = {
			isa = PBXNativeTarget;
			buildConfigurationList = CE1734782491418B005291E4 /* Build configuration list for PBXNativeTarget "journey" */;
			buildPhases = (
				CE17344724914188005291E4 /* Sources */,
				CE17344824914188005291E4 /* Frameworks */,
				CE17344924914188005291E4 /* Resources */,
			);
			buildRules = (
			);
			dependencies = (
			);
			name = journey;
			productName = journey;
			productReference = CE17344B24914188005291E4 /* journey.app */;
			productType = "com.apple.product-type.application";
		};
		CE1734632491418B005291E4 /* journeyTests */ = {
			isa = PBXNativeTarget;
			buildConfigurationList = CE17347B2491418B005291E4 /* Build configuration list for PBXNativeTarget "journeyTests" */;
			buildPhases = (
				CE1734602491418B005291E4 /* Sources */,
				CE1734612491418B005291E4 /* Frameworks */,
				CE1734622491418B005291E4 /* Resources */,
			);
			buildRules = (
			);
			dependencies = (
				CE1734662491418B005291E4 /* PBXTargetDependency */,
			);
			name = journeyTests;
			productName = journeyTests;
			productReference = CE1734642491418B005291E4 /* journeyTests.xctest */;
			productType = "com.apple.product-type.bundle.unit-test";
		};
		CE17346E2491418B005291E4 /* journeyUITests */ = {
			isa = PBXNativeTarget;
			buildConfigurationList = CE17347E2491418B005291E4 /* Build configuration list for PBXNativeTarget "journeyUITests" */;
			buildPhases = (
				CE17346B2491418B005291E4 /* Sources */,
				CE17346C2491418B005291E4 /* Frameworks */,
				CE17346D2491418B005291E4 /* Resources */,
			);
			buildRules = (
			);
			dependencies = (
				CE1734712491418B005291E4 /* PBXTargetDependency */,
			);
			name = journeyUITests;
			productName = journeyUITests;
			productReference = CE17346F2491418B005291E4 /* journeyUITests.xctest */;
			productType = "com.apple.product-type.bundle.ui-testing";
		};
/* End PBXNativeTarget section */

/* Begin PBXProject section */
		CE17344324914188005291E4 /* Project object */ = {
			isa = PBXProject;
			attributes = {
				LastSwiftUpdateCheck = 1150;
				LastUpgradeCheck = 1150;
				ORGANIZATIONNAME = "Thijn Hoekstra";
				TargetAttributes = {
					CE17344A24914188005291E4 = {
						CreatedOnToolsVersion = 11.5;
					};
					CE1734632491418B005291E4 = {
						CreatedOnToolsVersion = 11.5;
						TestTargetID = CE17344A24914188005291E4;
					};
					CE17346E2491418B005291E4 = {
						CreatedOnToolsVersion = 11.5;
						TestTargetID = CE17344A24914188005291E4;
					};
				};
			};
			buildConfigurationList = CE17344624914188005291E4 /* Build configuration list for PBXProject "journey" */;
			compatibilityVersion = "Xcode 9.3";
			developmentRegion = en;
			hasScannedForEncodings = 0;
			knownRegions = (
				en,
				Base,
			);
			mainGroup = CE17344224914188005291E4;
			productRefGroup = CE17344C24914188005291E4 /* Products */;
			projectDirPath = "";
			projectRoot = "";
			targets = (
				CE17344A24914188005291E4 /* journey */,
				CE1734632491418B005291E4 /* journeyTests */,
				CE17346E2491418B005291E4 /* journeyUITests */,
			);
		};
/* End PBXProject section */

/* Begin PBXResourcesBuildPhase section */
		CE17344924914188005291E4 /* Resources */ = {
			isa = PBXResourcesBuildPhase;
			buildActionMask = 2147483647;
			files = (
				CE371178249198F50077F70F /* holland.jpg in Resources */,
				CE371171249198F50077F70F /* flu.jpg in Resources */,
				CE37116F249198F50077F70F /* ebola.jpg in Resources */,
				CE17345E2491418B005291E4 /* LaunchScreen.storyboard in Resources */,
				CE17345B2491418B005291E4 /* Preview Assets.xcassets in Resources */,
				CE37117C2491996A0077F70F /* pathogenData.json in Resources */,
				CE371173249198F50077F70F /* dna2.jpg in Resources */,
				CE371179249198F50077F70F /* usa.jpg in Resources */,
				CE371175249198F50077F70F /* dna1.jpg in Resources */,
				CE371176249198F50077F70F /* countryData.json in Resources */,
				CE371170249198F50077F70F /* corona.jpg in Resources */,
				CE371174249198F50077F70F /* dna0.jpg in Resources */,
				CE371177249198F50077F70F /* strategyData.json in Resources */,
				CE371172249198F50077F70F /* dna3.jpg in Resources */,
				CE1734582491418B005291E4 /* Assets.xcassets in Resources */,
				CE37116E249198F50077F70F /* Info.png in Resources */,
				CE37117A249198F50077F70F /* sweden.jpg in Resources */,
			);
			runOnlyForDeploymentPostprocessing = 0;
		};
		CE1734622491418B005291E4 /* Resources */ = {
			isa = PBXResourcesBuildPhase;
			buildActionMask = 2147483647;
			files = (
			);
			runOnlyForDeploymentPostprocessing = 0;
		};
		CE17346D2491418B005291E4 /* Resources */ = {
			isa = PBXResourcesBuildPhase;
			buildActionMask = 2147483647;
			files = (
			);
			runOnlyForDeploymentPostprocessing = 0;
		};
/* End PBXResourcesBuildPhase section */

/* Begin PBXSourcesBuildPhase section */
		CE17344724914188005291E4 /* Sources */ = {
			isa = PBXSourcesBuildPhase;
			buildActionMask = 2147483647;
			files = (
				CE17349224916F08005291E4 /* Definitions.swift in Sources */,
				CE17348624916D0D005291E4 /* PathogenDetailView.swift in Sources */,
				CE17344F24914188005291E4 /* AppDelegate.swift in Sources */,
				CE17349B24916FB9005291E4 /* ImageView.swift in Sources */,
				CE17348E24916EB2005291E4 /* Dashboard.swift in Sources */,
				CE17349D24916FE0005291E4 /* CircleImage.swift in Sources */,
				CE17348824916D31005291E4 /* LocationDetailView.swift in Sources */,
				CE17349424916F25005291E4 /* LegendView.swift in Sources */,
				CE17345424914188005291E4 /* journey.xcdatamodeld in Sources */,
				CE1734AA249179A7005291E4 /* Country.swift in Sources */,
				CE37115524918A3A0077F70F /* Pathogen.swift in Sources */,
				CE17348A24916E18005291E4 /* StrategyDetail.swift in Sources */,
				CE17348224916B87005291E4 /* CurveGame.swift in Sources */,
				CE1734A224917012005291E4 /* Data.swift in Sources */,
				CE17348C24916E64005291E4 /* BarsView.swift in Sources */,
				CE17348424916BCC005291E4 /* StrategyRow.swift in Sources */,
				CE17349824916F6C005291E4 /* Stepper.swift in Sources */,
				CE17345624914188005291E4 /* ContentView.swift in Sources */,
				CE1734A624917056005291E4 /* UserData.swift in Sources */,
				CE17349F24916FF2005291E4 /* MapView.swift in Sources */,
				CE1734C924917F96005291E4 /* WelcomeView.swift in Sources */,
				CE1734A424917041005291E4 /* Strategy.swift in Sources */,
				CE17345124914188005291E4 /* SceneDelegate.swift in Sources */,
				CE17349624916F50005291E4 /* Plotter.swift in Sources */,
				CE17349024916EEA005291E4 /* DateLine.swift in Sources */,
			);
			runOnlyForDeploymentPostprocessing = 0;
		};
		CE1734602491418B005291E4 /* Sources */ = {
			isa = PBXSourcesBuildPhase;
			buildActionMask = 2147483647;
			files = (
				CE1734692491418B005291E4 /* journeyTests.swift in Sources */,
			);
			runOnlyForDeploymentPostprocessing = 0;
		};
		CE17346B2491418B005291E4 /* Sources */ = {
			isa = PBXSourcesBuildPhase;
			buildActionMask = 2147483647;
			files = (
				CE1734742491418B005291E4 /* journeyUITests.swift in Sources */,
			);
			runOnlyForDeploymentPostprocessing = 0;
		};
/* End PBXSourcesBuildPhase section */

/* Begin PBXTargetDependency section */
		CE1734662491418B005291E4 /* PBXTargetDependency */ = {
			isa = PBXTargetDependency;
			target = CE17344A24914188005291E4 /* journey */;
			targetProxy = CE1734652491418B005291E4 /* PBXContainerItemProxy */;
		};
		CE1734712491418B005291E4 /* PBXTargetDependency */ = {
			isa = PBXTargetDependency;
			target = CE17344A24914188005291E4 /* journey */;
			targetProxy = CE1734702491418B005291E4 /* PBXContainerItemProxy */;
		};
/* End PBXTargetDependency section */

/* Begin PBXVariantGroup section */
		CE17345C2491418B005291E4 /* LaunchScreen.storyboard */ = {
			isa = PBXVariantGroup;
			children = (
				CE17345D2491418B005291E4 /* Base */,
			);
			name = LaunchScreen.storyboard;
			sourceTree = "<group>";
		};
/* End PBXVariantGroup section */

/* Begin XCBuildConfiguration section */
		CE1734762491418B005291E4 /* Debug */ = {
			isa = XCBuildConfiguration;
			buildSettings = {
				ALWAYS_SEARCH_USER_PATHS = NO;
				CLANG_ANALYZER_NONNULL = YES;
				CLANG_ANALYZER_NUMBER_OBJECT_CONVERSION = YES_AGGRESSIVE;
				CLANG_CXX_LANGUAGE_STANDARD = "gnu++14";
				CLANG_CXX_LIBRARY = "libc++";
				CLANG_ENABLE_MODULES = YES;
				CLANG_ENABLE_OBJC_ARC = YES;
				CLANG_ENABLE_OBJC_WEAK = YES;
				CLANG_WARN_BLOCK_CAPTURE_AUTORELEASING = YES;
				CLANG_WARN_BOOL_CONVERSION = YES;
				CLANG_WARN_COMMA = YES;
				CLANG_WARN_CONSTANT_CONVERSION = YES;
				CLANG_WARN_DEPRECATED_OBJC_IMPLEMENTATIONS = YES;
				CLANG_WARN_DIRECT_OBJC_ISA_USAGE = YES_ERROR;
				CLANG_WARN_DOCUMENTATION_COMMENTS = YES;
				CLANG_WARN_EMPTY_BODY = YES;
				CLANG_WARN_ENUM_CONVERSION = YES;
				CLANG_WARN_INFINITE_RECURSION = YES;
				CLANG_WARN_INT_CONVERSION = YES;
				CLANG_WARN_NON_LITERAL_NULL_CONVERSION = YES;
				CLANG_WARN_OBJC_IMPLICIT_RETAIN_SELF = YES;
				CLANG_WARN_OBJC_LITERAL_CONVERSION = YES;
				CLANG_WARN_OBJC_ROOT_CLASS = YES_ERROR;
				CLANG_WARN_RANGE_LOOP_ANALYSIS = YES;
				CLANG_WARN_STRICT_PROTOTYPES = YES;
				CLANG_WARN_SUSPICIOUS_MOVE = YES;
				CLANG_WARN_UNGUARDED_AVAILABILITY = YES_AGGRESSIVE;
				CLANG_WARN_UNREACHABLE_CODE = YES;
				CLANG_WARN__DUPLICATE_METHOD_MATCH = YES;
				COPY_PHASE_STRIP = NO;
				DEBUG_INFORMATION_FORMAT = dwarf;
				ENABLE_STRICT_OBJC_MSGSEND = YES;
				ENABLE_TESTABILITY = YES;
				GCC_C_LANGUAGE_STANDARD = gnu11;
				GCC_DYNAMIC_NO_PIC = NO;
				GCC_NO_COMMON_BLOCKS = YES;
				GCC_OPTIMIZATION_LEVEL = 0;
				GCC_PREPROCESSOR_DEFINITIONS = (
					"DEBUG=1",
					"$(inherited)",
				);
				GCC_WARN_64_TO_32_BIT_CONVERSION = YES;
				GCC_WARN_ABOUT_RETURN_TYPE = YES_ERROR;
				GCC_WARN_UNDECLARED_SELECTOR = YES;
				GCC_WARN_UNINITIALIZED_AUTOS = YES_AGGRESSIVE;
				GCC_WARN_UNUSED_FUNCTION = YES;
				GCC_WARN_UNUSED_VARIABLE = YES;
				IPHONEOS_DEPLOYMENT_TARGET = 13.5;
				MTL_ENABLE_DEBUG_INFO = INCLUDE_SOURCE;
				MTL_FAST_MATH = YES;
				ONLY_ACTIVE_ARCH = YES;
				SDKROOT = iphoneos;
				SWIFT_ACTIVE_COMPILATION_CONDITIONS = DEBUG;
				SWIFT_OPTIMIZATION_LEVEL = "-Onone";
			};
			name = Debug;
		};
		CE1734772491418B005291E4 /* Release */ = {
			isa = XCBuildConfiguration;
			buildSettings = {
				ALWAYS_SEARCH_USER_PATHS = NO;
				CLANG_ANALYZER_NONNULL = YES;
				CLANG_ANALYZER_NUMBER_OBJECT_CONVERSION = YES_AGGRESSIVE;
				CLANG_CXX_LANGUAGE_STANDARD = "gnu++14";
				CLANG_CXX_LIBRARY = "libc++";
				CLANG_ENABLE_MODULES = YES;
				CLANG_ENABLE_OBJC_ARC = YES;
				CLANG_ENABLE_OBJC_WEAK = YES;
				CLANG_WARN_BLOCK_CAPTURE_AUTORELEASING = YES;
				CLANG_WARN_BOOL_CONVERSION = YES;
				CLANG_WARN_COMMA = YES;
				CLANG_WARN_CONSTANT_CONVERSION = YES;
				CLANG_WARN_DEPRECATED_OBJC_IMPLEMENTATIONS = YES;
				CLANG_WARN_DIRECT_OBJC_ISA_USAGE = YES_ERROR;
				CLANG_WARN_DOCUMENTATION_COMMENTS = YES;
				CLANG_WARN_EMPTY_BODY = YES;
				CLANG_WARN_ENUM_CONVERSION = YES;
				CLANG_WARN_INFINITE_RECURSION = YES;
				CLANG_WARN_INT_CONVERSION = YES;
				CLANG_WARN_NON_LITERAL_NULL_CONVERSION = YES;
				CLANG_WARN_OBJC_IMPLICIT_RETAIN_SELF = YES;
				CLANG_WARN_OBJC_LITERAL_CONVERSION = YES;
				CLANG_WARN_OBJC_ROOT_CLASS = YES_ERROR;
				CLANG_WARN_RANGE_LOOP_ANALYSIS = YES;
				CLANG_WARN_STRICT_PROTOTYPES = YES;
				CLANG_WARN_SUSPICIOUS_MOVE = YES;
				CLANG_WARN_UNGUARDED_AVAILABILITY = YES_AGGRESSIVE;
				CLANG_WARN_UNREACHABLE_CODE = YES;
				CLANG_WARN__DUPLICATE_METHOD_MATCH = YES;
				COPY_PHASE_STRIP = NO;
				DEBUG_INFORMATION_FORMAT = "dwarf-with-dsym";
				ENABLE_NS_ASSERTIONS = NO;
				ENABLE_STRICT_OBJC_MSGSEND = YES;
				GCC_C_LANGUAGE_STANDARD = gnu11;
				GCC_NO_COMMON_BLOCKS = YES;
				GCC_WARN_64_TO_32_BIT_CONVERSION = YES;
				GCC_WARN_ABOUT_RETURN_TYPE = YES_ERROR;
				GCC_WARN_UNDECLARED_SELECTOR = YES;
				GCC_WARN_UNINITIALIZED_AUTOS = YES_AGGRESSIVE;
				GCC_WARN_UNUSED_FUNCTION = YES;
				GCC_WARN_UNUSED_VARIABLE = YES;
				IPHONEOS_DEPLOYMENT_TARGET = 13.5;
				MTL_ENABLE_DEBUG_INFO = NO;
				MTL_FAST_MATH = YES;
				SDKROOT = iphoneos;
				SWIFT_COMPILATION_MODE = wholemodule;
				SWIFT_OPTIMIZATION_LEVEL = "-O";
				VALIDATE_PRODUCT = YES;
			};
			name = Release;
		};
		CE1734792491418B005291E4 /* Debug */ = {
			isa = XCBuildConfiguration;
			buildSettings = {
				ASSETCATALOG_COMPILER_APPICON_NAME = AppIcon;
				CODE_SIGN_IDENTITY = "Apple Development";
				CODE_SIGN_STYLE = Automatic;
				DEVELOPMENT_ASSET_PATHS = "\"journey/Preview Content\"";
				DEVELOPMENT_TEAM = DM629USU6J;
				ENABLE_PREVIEWS = YES;
				INFOPLIST_FILE = journey/Info.plist;
				IPHONEOS_DEPLOYMENT_TARGET = 13.4;
				LD_RUNPATH_SEARCH_PATHS = (
					"$(inherited)",
					"@executable_path/Frameworks",
				);
				PRODUCT_BUNDLE_IDENTIFIER = twh.journey;
				PRODUCT_NAME = "$(TARGET_NAME)";
				PROVISIONING_PROFILE_SPECIFIER = "";
				SWIFT_VERSION = 5.0;
				TARGETED_DEVICE_FAMILY = "1,2";
			};
			name = Debug;
		};
		CE17347A2491418B005291E4 /* Release */ = {
			isa = XCBuildConfiguration;
			buildSettings = {
				ASSETCATALOG_COMPILER_APPICON_NAME = AppIcon;
				CODE_SIGN_IDENTITY = "Apple Development";
				CODE_SIGN_STYLE = Automatic;
				DEVELOPMENT_ASSET_PATHS = "\"journey/Preview Content\"";
				DEVELOPMENT_TEAM = DM629USU6J;
				ENABLE_PREVIEWS = YES;
				INFOPLIST_FILE = journey/Info.plist;
				IPHONEOS_DEPLOYMENT_TARGET = 13.4;
				LD_RUNPATH_SEARCH_PATHS = (
					"$(inherited)",
					"@executable_path/Frameworks",
				);
				PRODUCT_BUNDLE_IDENTIFIER = twh.journey;
				PRODUCT_NAME = "$(TARGET_NAME)";
				PROVISIONING_PROFILE_SPECIFIER = "";
				SWIFT_VERSION = 5.0;
				TARGETED_DEVICE_FAMILY = "1,2";
			};
			name = Release;
		};
		CE17347C2491418B005291E4 /* Debug */ = {
			isa = XCBuildConfiguration;
			buildSettings = {
				ALWAYS_EMBED_SWIFT_STANDARD_LIBRARIES = YES;
				BUNDLE_LOADER = "$(TEST_HOST)";
				CODE_SIGN_STYLE = Automatic;
				DEVELOPMENT_TEAM = DM629USU6J;
				INFOPLIST_FILE = journeyTests/Info.plist;
				IPHONEOS_DEPLOYMENT_TARGET = 13.5;
				LD_RUNPATH_SEARCH_PATHS = (
					"$(inherited)",
					"@executable_path/Frameworks",
					"@loader_path/Frameworks",
				);
				PRODUCT_BUNDLE_IDENTIFIER = twh.journeyTests;
				PRODUCT_NAME = "$(TARGET_NAME)";
				SWIFT_VERSION = 5.0;
				TARGETED_DEVICE_FAMILY = "1,2";
				TEST_HOST = "$(BUILT_PRODUCTS_DIR)/journey.app/journey";
			};
			name = Debug;
		};
		CE17347D2491418B005291E4 /* Release */ = {
			isa = XCBuildConfiguration;
			buildSettings = {
				ALWAYS_EMBED_SWIFT_STANDARD_LIBRARIES = YES;
				BUNDLE_LOADER = "$(TEST_HOST)";
				CODE_SIGN_STYLE = Automatic;
				DEVELOPMENT_TEAM = DM629USU6J;
				INFOPLIST_FILE = journeyTests/Info.plist;
				IPHONEOS_DEPLOYMENT_TARGET = 13.5;
				LD_RUNPATH_SEARCH_PATHS = (
					"$(inherited)",
					"@executable_path/Frameworks",
					"@loader_path/Frameworks",
				);
				PRODUCT_BUNDLE_IDENTIFIER = twh.journeyTests;
				PRODUCT_NAME = "$(TARGET_NAME)";
				SWIFT_VERSION = 5.0;
				TARGETED_DEVICE_FAMILY = "1,2";
				TEST_HOST = "$(BUILT_PRODUCTS_DIR)/journey.app/journey";
			};
			name = Release;
		};
		CE17347F2491418B005291E4 /* Debug */ = {
			isa = XCBuildConfiguration;
			buildSettings = {
				ALWAYS_EMBED_SWIFT_STANDARD_LIBRARIES = YES;
				CODE_SIGN_STYLE = Automatic;
				DEVELOPMENT_TEAM = DM629USU6J;
				INFOPLIST_FILE = journeyUITests/Info.plist;
				LD_RUNPATH_SEARCH_PATHS = (
					"$(inherited)",
					"@executable_path/Frameworks",
					"@loader_path/Frameworks",
				);
				PRODUCT_BUNDLE_IDENTIFIER = twh.journeyUITests;
				PRODUCT_NAME = "$(TARGET_NAME)";
				SWIFT_VERSION = 5.0;
				TARGETED_DEVICE_FAMILY = "1,2";
				TEST_TARGET_NAME = journey;
			};
			name = Debug;
		};
		CE1734802491418B005291E4 /* Release */ = {
			isa = XCBuildConfiguration;
			buildSettings = {
				ALWAYS_EMBED_SWIFT_STANDARD_LIBRARIES = YES;
				CODE_SIGN_STYLE = Automatic;
				DEVELOPMENT_TEAM = DM629USU6J;
				INFOPLIST_FILE = journeyUITests/Info.plist;
				LD_RUNPATH_SEARCH_PATHS = (
					"$(inherited)",
					"@executable_path/Frameworks",
					"@loader_path/Frameworks",
				);
				PRODUCT_BUNDLE_IDENTIFIER = twh.journeyUITests;
				PRODUCT_NAME = "$(TARGET_NAME)";
				SWIFT_VERSION = 5.0;
				TARGETED_DEVICE_FAMILY = "1,2";
				TEST_TARGET_NAME = journey;
			};
			name = Release;
		};
/* End XCBuildConfiguration section */

/* Begin XCConfigurationList section */
		CE17344624914188005291E4 /* Build configuration list for PBXProject "journey" */ = {
			isa = XCConfigurationList;
			buildConfigurations = (
				CE1734762491418B005291E4 /* Debug */,
				CE1734772491418B005291E4 /* Release */,
			);
			defaultConfigurationIsVisible = 0;
			defaultConfigurationName = Release;
		};
		CE1734782491418B005291E4 /* Build configuration list for PBXNativeTarget "journey" */ = {
			isa = XCConfigurationList;
			buildConfigurations = (
				CE1734792491418B005291E4 /* Debug */,
				CE17347A2491418B005291E4 /* Release */,
			);
			defaultConfigurationIsVisible = 0;
			defaultConfigurationName = Release;
		};
		CE17347B2491418B005291E4 /* Build configuration list for PBXNativeTarget "journeyTests" */ = {
			isa = XCConfigurationList;
			buildConfigurations = (
				CE17347C2491418B005291E4 /* Debug */,
				CE17347D2491418B005291E4 /* Release */,
			);
			defaultConfigurationIsVisible = 0;
			defaultConfigurationName = Release;
		};
		CE17347E2491418B005291E4 /* Build configuration list for PBXNativeTarget "journeyUITests" */ = {
			isa = XCConfigurationList;
			buildConfigurations = (
				CE17347F2491418B005291E4 /* Debug */,
				CE1734802491418B005291E4 /* Release */,
			);
			defaultConfigurationIsVisible = 0;
			defaultConfigurationName = Release;
		};
/* End XCConfigurationList section */

/* Begin XCVersionGroup section */
		CE17345224914188005291E4 /* journey.xcdatamodeld */ = {
			isa = XCVersionGroup;
			children = (
				CE17345324914188005291E4 /* journey.xcdatamodel */,
			);
			currentVersion = CE17345324914188005291E4 /* journey.xcdatamodel */;
			path = journey.xcdatamodeld;
			sourceTree = "<group>";
			versionGroupType = wrapper.xcdatamodel;
		};
/* End XCVersionGroup section */
	};
	rootObject = CE17344324914188005291E4 /* Project object */;
}
